
Microsoft Visual Studio Solution File, Format Version 12.00
# Visual Studio 15
VisualStudioVersion = 15.0.28010.2036
MinimumVisualStudioVersion = 10.0.40219.1
Project("{FAE04EC0-301F-11D3-BF4B-00C04F79EFBC}") = "Prime Number Generator", "Prime Number Generator\Prime Number Generator.csproj", "{F82E1C36-E5EF-488C-89A7-795D2EE49593}"
EndProject
Global
	GlobalSection(SolutionConfigurationPlatforms) = preSolution
		Debug|Any CPU = Debug|Any CPU
		Release|Any CPU = Release|Any CPU
	EndGlobalSection
	GlobalSection(ProjectConfigurationPlatforms) = postSolution
		{F82E1C36-E5EF-488C-89A7-795D2EE49593}.Debug|Any CPU.ActiveCfg = Debug|Any CPU
		{F82E1C36-E5EF-488C-89A7-795D2EE49593}.Debug|Any CPU.Build.0 = Debug|Any CPU
		{F82E1C36-E5EF-488C-89A7-795D2EE49593}.Release|Any CPU.ActiveCfg = Release|Any CPU
		{F82E1C36-E5EF-488C-89A7-795D2EE49593}.Release|Any CPU.Build.0 = Release|Any CPU
	EndGlobalSection
	GlobalSection(SolutionProperties) = preSolution
		HideSolutionNode = FALSE
	EndGlobalSection
	GlobalSection(ExtensibilityGlobals) = postSolution
		SolutionGuid = {ABFA0862-8178-4835-8F73-767B85C57FB4}
	EndGlobalSection
EndGlobal
